{
    "_meta": {
        "hash": {
            "sha256": "f257241c6704e34bba144850794f697d69590b679ec2762b8b284ee0db008684"
        },
        "pipfile-spec": 6,
        "requires": {
            "python_version": "3.10.2"
        },
        "sources": [
            {
                "name": "pypi",
                "url": "https://pypi.org/simple",
                "verify_ssl": true
            }
        ]
    },
    "default": {
        "slack-bolt": {
            "hashes": [
                "sha256:145c7425a6380b3b909f59c3e400803a5127d265392d4802886a40ff03a4a592",
                "sha256:6b1d9cf99a804c9a341a430bac647cb482e7da4422858f0801bb70ef8f2b981a"
            ],
            "index": "pypi",
            "version": "==1.15.0"
        },
        "slack-sdk": {
            "hashes": [
                "sha256:7ce35e45215b2e3839af61ea4cca09f51dd635ab320f5b6b4e2b95656a19c60c",
                "sha256:ba6545d4db33ef15c7eb5bef85f14c44fa697cbbc263e09451b1e4e88e4da660"
            ],
            "markers": "python_full_version >= '3.6.0'",
            "version": "==3.18.4"
        }
    },
    "develop": {}
}
