{
    "_meta": {
        "hash": {
            "sha256": "f257241c6704e34bba144850794f697d69590b679ec2762b8b284ee0db008684"
        },
        "pipfile-spec": 6,
        "requires": {
            "python_version": "3.10.2"
        },
        "sources": [
            {
                "name": "pypi",
                "url": "https://pypi.org/simple",
                "verify_ssl": true
            }
        ]
    },
    "default": {
        "slack-bolt": {
            "hashes": [
                "sha256:979f113bd53b1868a6b71da7751b83cb2cbc8f2edeb7fe2a6c8e6f61cf97b55e",
                "sha256:cf21379a8c5b36be49fa139b3478a53eb1cbac837cad7ff53be9f196a219296f"
            ],
            "index": "pypi",
            "version": "==1.13.1"
        },
        "slack-sdk": {
            "hashes": [
                "sha256:128f3bb0b5b91454a3d5f140a61f3db370a0e1b50ffe0a8d9e9ebe0e894faed7",
                "sha256:e1fa26786169176e707676decc287fd9d3d547bbc43c0a1a4f99eb373b07da94"
            ],
            "markers": "python_version >= '3.6'",
            "version": "==3.15.2"
        }
    },
    "develop": {}
}
