{
    "_meta": {
        "hash": {
            "sha256": "f257241c6704e34bba144850794f697d69590b679ec2762b8b284ee0db008684"
        },
        "pipfile-spec": 6,
        "requires": {
            "python_version": "3.10.2"
        },
        "sources": [
            {
                "name": "pypi",
                "url": "https://pypi.org/simple",
                "verify_ssl": true
            }
        ]
    },
    "default": {
        "slack-bolt": {
            "hashes": [
                "sha256:6a51578d5e53d108632f4e7cb5567fb319964718c8187eb03a17318e99f94db6",
                "sha256:b9a49ed2f0ff511a83a7b97f4c87b37c79058a6d0187d7436eeb242c51558631"
            ],
            "index": "pypi",
            "version": "==1.13.2"
        },
        "slack-sdk": {
            "hashes": [
                "sha256:701b66ee028614f94cc4771f21b2319c55686e786bd2888e7454e45b5f9e5299",
                "sha256:8eb8ba74f04b2246a1f506e1a5e9b30b4e0547daecdcbec63ac2bdd444fd305f"
            ],
            "markers": "python_version >= '3.6'",
            "version": "==3.16.1"
        }
    },
    "develop": {}
}
